
Microsoft Visual Studio Solution File, Format Version 12.00
# Visual Studio Version 16
VisualStudioVersion = 16.0.32602.291
MinimumVisualStudioVersion = 10.0.40219.1
Project("{FAE04EC0-301F-11D3-BF4B-00C04F79EFBC}") = "YouTubeEgitim", "YouTubeEgitim\YouTubeEgitim.csproj", "{711CA7FE-99AC-44C5-BBA2-E7362BD275CA}"
EndProject
Global
	GlobalSection(SolutionConfigurationPlatforms) = preSolution
		Debug|Any CPU = Debug|Any CPU
		Release|Any CPU = Release|Any CPU
	EndGlobalSection
	GlobalSection(ProjectConfigurationPlatforms) = postSolution
		{711CA7FE-99AC-44C5-BBA2-E7362BD275CA}.Debug|Any CPU.ActiveCfg = Debug|Any CPU
		{711CA7FE-99AC-44C5-BBA2-E7362BD275CA}.Debug|Any CPU.Build.0 = Debug|Any CPU
		{711CA7FE-99AC-44C5-BBA2-E7362BD275CA}.Release|Any CPU.ActiveCfg = Release|Any CPU
		{711CA7FE-99AC-44C5-BBA2-E7362BD275CA}.Release|Any CPU.Build.0 = Release|Any CPU
	EndGlobalSection
	GlobalSection(SolutionProperties) = preSolution
		HideSolutionNode = FALSE
	EndGlobalSection
	GlobalSection(ExtensibilityGlobals) = postSolution
		SolutionGuid = {EDAE20AF-BF80-4369-B8DD-A681F18CBE50}
	EndGlobalSection
EndGlobal
